
Microsoft Visual Studio Solution File, Format Version 12.00
# Visual Studio Version 17
VisualStudioVersion = 17.5.33627.172
MinimumVisualStudioVersion = 10.0.40219.1
Project("{9A19103F-16F7-4668-BE54-9A1E7A4F7556}") = "GenshinLyrePlayer", "GenshinLyrePlayer\GenshinLyrePlayer.csproj", "{FD95EC0B-AC59-446B-A781-44B359D65459}"
EndProject
Global
	GlobalSection(SolutionConfigurationPlatforms) = preSolution
		Debug|Any CPU = Debug|Any CPU
		Release|Any CPU = Release|Any CPU
	EndGlobalSection
	GlobalSection(ProjectConfigurationPlatforms) = postSolution
		{FD95EC0B-AC59-446B-A781-44B359D65459}.Debug|Any CPU.ActiveCfg = Debug|Any CPU
		{FD95EC0B-AC59-446B-A781-44B359D65459}.Debug|Any CPU.Build.0 = Debug|Any CPU
		{FD95EC0B-AC59-446B-A781-44B359D65459}.Release|Any CPU.ActiveCfg = Release|Any CPU
		{FD95EC0B-AC59-446B-A781-44B359D65459}.Release|Any CPU.Build.0 = Release|Any CPU
	EndGlobalSection
	GlobalSection(SolutionProperties) = preSolution
		HideSolutionNode = FALSE
	EndGlobalSection
	GlobalSection(ExtensibilityGlobals) = postSolution
		SolutionGuid = {75B55802-32CC-4564-A9F5-95C3380F9D1E}
	EndGlobalSection
EndGlobal
